
Microsoft Visual Studio Solution File, Format Version 12.00
# Visual Studio 15
VisualStudioVersion = 15.0.28307.421
MinimumVisualStudioVersion = 10.0.40219.1
Project("{FAE04EC0-301F-11D3-BF4B-00C04F79EFBC}") = "ProductoBackEnd", "ProductoBackEnd\ProductoBackEnd.csproj", "{8E497BEA-4D68-4FB6-AE2F-24C7D84C0E9D}"
EndProject
Project("{FAE04EC0-301F-11D3-BF4B-00C04F79EFBC}") = "productoAPI", "productoAPI\productoAPI.csproj", "{DFAE76C4-6755-4C13-BF9D-ED2180883A92}"
EndProject
Global
	GlobalSection(SolutionConfigurationPlatforms) = preSolution
		Debug|Any CPU = Debug|Any CPU
		Release|Any CPU = Release|Any CPU
	EndGlobalSection
	GlobalSection(ProjectConfigurationPlatforms) = postSolution
		{8E497BEA-4D68-4FB6-AE2F-24C7D84C0E9D}.Debug|Any CPU.ActiveCfg = Debug|Any CPU
		{8E497BEA-4D68-4FB6-AE2F-24C7D84C0E9D}.Debug|Any CPU.Build.0 = Debug|Any CPU
		{8E497BEA-4D68-4FB6-AE2F-24C7D84C0E9D}.Release|Any CPU.ActiveCfg = Release|Any CPU
		{8E497BEA-4D68-4FB6-AE2F-24C7D84C0E9D}.Release|Any CPU.Build.0 = Release|Any CPU
		{DFAE76C4-6755-4C13-BF9D-ED2180883A92}.Debug|Any CPU.ActiveCfg = Debug|Any CPU
		{DFAE76C4-6755-4C13-BF9D-ED2180883A92}.Debug|Any CPU.Build.0 = Debug|Any CPU
		{DFAE76C4-6755-4C13-BF9D-ED2180883A92}.Release|Any CPU.ActiveCfg = Release|Any CPU
		{DFAE76C4-6755-4C13-BF9D-ED2180883A92}.Release|Any CPU.Build.0 = Release|Any CPU
	EndGlobalSection
	GlobalSection(SolutionProperties) = preSolution
		HideSolutionNode = FALSE
	EndGlobalSection
	GlobalSection(ExtensibilityGlobals) = postSolution
		SolutionGuid = {A393BD14-4234-4DB3-B044-21A6DD60C89F}
	EndGlobalSection
EndGlobal
